// !$*UTF8*$!
{
	archiveVersion = 1;
	classes = {
	};
	objectVersion = 56;
	objects = {

/* Begin PBXBuildFile section */
		AB1168832996B9D10062D8D5 /* TitleRow.swift in Sources */ = {isa = PBXBuildFile; fileRef = AB1168822996B9D10062D8D5 /* TitleRow.swift */; };
		AB1168862996DCAC0062D8D5 /* Message.swift in Sources */ = {isa = PBXBuildFile; fileRef = AB1168852996DCAC0062D8D5 /* Message.swift */; };
		AB1168882996DD100062D8D5 /* MessageBubble.swift in Sources */ = {isa = PBXBuildFile; fileRef = AB1168872996DD100062D8D5 /* MessageBubble.swift */; };
		AB11688A2996EC8F0062D8D5 /* Extensions.swift in Sources */ = {isa = PBXBuildFile; fileRef = AB1168892996EC8F0062D8D5 /* Extensions.swift */; };
		AB11688C2996EFF70062D8D5 /* MessageField.swift in Sources */ = {isa = PBXBuildFile; fileRef = AB11688B2996EFF70062D8D5 /* MessageField.swift */; };
		AB11688F29970FDA0062D8D5 /* FirebaseFirestore in Frameworks */ = {isa = PBXBuildFile; productRef = AB11688E29970FDA0062D8D5 /* FirebaseFirestore */; };
		AB11689129970FDA0062D8D5 /* FirebaseFirestoreSwift in Frameworks */ = {isa = PBXBuildFile; productRef = AB11689029970FDA0062D8D5 /* FirebaseFirestoreSwift */; };
		AB59F9712997A88B00A60833 /* MessagesManager.swift in Sources */ = {isa = PBXBuildFile; fileRef = AB59F9702997A88B00A60833 /* MessagesManager.swift */; };
		AB59F9732997B68200A60833 /* GoogleService-Info.plist in Resources */ = {isa = PBXBuildFile; fileRef = AB59F9722997B68200A60833 /* GoogleService-Info.plist */; };
		ABC052ED2996A1AD00D66193 /* ChatBotApp.swift in Sources */ = {isa = PBXBuildFile; fileRef = ABC052EC2996A1AD00D66193 /* ChatBotApp.swift */; };
		ABC052EF2996A1AD00D66193 /* ContentView.swift in Sources */ = {isa = PBXBuildFile; fileRef = ABC052EE2996A1AD00D66193 /* ContentView.swift */; };
		ABC052F12996A1AF00D66193 /* Assets.xcassets in Resources */ = {isa = PBXBuildFile; fileRef = ABC052F02996A1AF00D66193 /* Assets.xcassets */; };
		ABC052F42996A1AF00D66193 /* Preview Assets.xcassets in Resources */ = {isa = PBXBuildFile; fileRef = ABC052F32996A1AF00D66193 /* Preview Assets.xcassets */; };
/* End PBXBuildFile section */

/* Begin PBXFileReference section */
		AB1168822996B9D10062D8D5 /* TitleRow.swift */ = {isa = PBXFileReference; lastKnownFileType = sourcecode.swift; path = TitleRow.swift; sourceTree = "<group>"; };
		AB1168852996DCAC0062D8D5 /* Message.swift */ = {isa = PBXFileReference; lastKnownFileType = sourcecode.swift; path = Message.swift; sourceTree = "<group>"; };
		AB1168872996DD100062D8D5 /* MessageBubble.swift */ = {isa = PBXFileReference; lastKnownFileType = sourcecode.swift; path = MessageBubble.swift; sourceTree = "<group>"; };
		AB1168892996EC8F0062D8D5 /* Extensions.swift */ = {isa = PBXFileReference; lastKnownFileType = sourcecode.swift; path = Extensions.swift; sourceTree = "<group>"; };
		AB11688B2996EFF70062D8D5 /* MessageField.swift */ = {isa = PBXFileReference; lastKnownFileType = sourcecode.swift; name = MessageField.swift; path = ChatBot/MessageField.swift; sourceTree = SOURCE_ROOT; };
		AB59F9702997A88B00A60833 /* MessagesManager.swift */ = {isa = PBXFileReference; lastKnownFileType = sourcecode.swift; path = MessagesManager.swift; sourceTree = "<group>"; };
		AB59F9722997B68200A60833 /* GoogleService-Info.plist */ = {isa = PBXFileReference; fileEncoding = 4; lastKnownFileType = text.plist.xml; path = "GoogleService-Info.plist"; sourceTree = "<group>"; };
		ABC052E92996A1AD00D66193 /* ChatBot.app */ = {isa = PBXFileReference; explicitFileType = wrapper.application; includeInIndex = 0; path = ChatBot.app; sourceTree = BUILT_PRODUCTS_DIR; };
		ABC052EC2996A1AD00D66193 /* ChatBotApp.swift */ = {isa = PBXFileReference; lastKnownFileType = sourcecode.swift; path = ChatBotApp.swift; sourceTree = "<group>"; };
		ABC052EE2996A1AD00D66193 /* ContentView.swift */ = {isa = PBXFileReference; lastKnownFileType = sourcecode.swift; path = ContentView.swift; sourceTree = "<group>"; };
		ABC052F02996A1AF00D66193 /* Assets.xcassets */ = {isa = PBXFileReference; lastKnownFileType = folder.assetcatalog; path = Assets.xcassets; sourceTree = "<group>"; };
		ABC052F32996A1AF00D66193 /* Preview Assets.xcassets */ = {isa = PBXFileReference; lastKnownFileType = folder.assetcatalog; path = "Preview Assets.xcassets"; sourceTree = "<group>"; };
/* End PBXFileReference section */

/* Begin PBXFrameworksBuildPhase section */
		ABC052E62996A1AD00D66193 /* Frameworks */ = {
			isa = PBXFrameworksBuildPhase;
			buildActionMask = 2147483647;
			files = (
				AB11688F29970FDA0062D8D5 /* FirebaseFirestore in Frameworks */,
				AB11689129970FDA0062D8D5 /* FirebaseFirestoreSwift in Frameworks */,
			);
			runOnlyForDeploymentPostprocessing = 0;
		};
/* End PBXFrameworksBuildPhase section */

/* Begin PBXGroup section */
		AB1168812996B9650062D8D5 /* Components */ = {
			isa = PBXGroup;
			children = (
				AB11688B2996EFF70062D8D5 /* MessageField.swift */,
				AB1168822996B9D10062D8D5 /* TitleRow.swift */,
				AB1168872996DD100062D8D5 /* MessageBubble.swift */,
			);
			path = Components;
			sourceTree = "<group>";
		};
		AB1168842996DC950062D8D5 /* Models */ = {
			isa = PBXGroup;
			children = (
				AB1168852996DCAC0062D8D5 /* Message.swift */,
			);
			path = Models;
			sourceTree = "<group>";
		};
		ABC052E02996A1AC00D66193 = {
			isa = PBXGroup;
			children = (
				ABC052EB2996A1AD00D66193 /* ChatBot */,
				ABC052EA2996A1AD00D66193 /* Products */,
			);
			sourceTree = "<group>";
		};
		ABC052EA2996A1AD00D66193 /* Products */ = {
			isa = PBXGroup;
			children = (
				ABC052E92996A1AD00D66193 /* ChatBot.app */,
			);
			name = Products;
			sourceTree = "<group>";
		};
		ABC052EB2996A1AD00D66193 /* ChatBot */ = {
			isa = PBXGroup;
			children = (
				ABC052EC2996A1AD00D66193 /* ChatBotApp.swift */,
				ABC052EE2996A1AD00D66193 /* ContentView.swift */,
				AB1168842996DC950062D8D5 /* Models */,
				AB1168812996B9650062D8D5 /* Components */,
				ABC052F02996A1AF00D66193 /* Assets.xcassets */,
				ABC052F22996A1AF00D66193 /* Preview Content */,
				AB1168892996EC8F0062D8D5 /* Extensions.swift */,
				AB59F9702997A88B00A60833 /* MessagesManager.swift */,
				AB59F9722997B68200A60833 /* GoogleService-Info.plist */,
			);
			path = ChatBot;
			sourceTree = "<group>";
		};
		ABC052F22996A1AF00D66193 /* Preview Content */ = {
			isa = PBXGroup;
			children = (
				ABC052F32996A1AF00D66193 /* Preview Assets.xcassets */,
			);
			path = "Preview Content";
			sourceTree = "<group>";
		};
/* End PBXGroup section */

/* Begin PBXNativeTarget section */
		ABC052E82996A1AD00D66193 /* ChatBot */ = {
			isa = PBXNativeTarget;
			buildConfigurationList = ABC052F72996A1AF00D66193 /* Build configuration list for PBXNativeTarget "ChatBot" */;
			buildPhases = (
				ABC052E52996A1AD00D66193 /* Sources */,
				ABC052E62996A1AD00D66193 /* Frameworks */,
				ABC052E72996A1AD00D66193 /* Resources */,
			);
			buildRules = (
			);
			dependencies = (
			);
			name = ChatBot;
			packageProductDependencies = (
				AB11688E29970FDA0062D8D5 /* FirebaseFirestore */,
				AB11689029970FDA0062D8D5 /* FirebaseFirestoreSwift */,
			);
			productName = ChatBot;
			productReference = ABC052E92996A1AD00D66193 /* ChatBot.app */;
			productType = "com.apple.product-type.application";
		};
/* End PBXNativeTarget section */

/* Begin PBXProject section */
		ABC052E12996A1AC00D66193 /* Project object */ = {
			isa = PBXProject;
			attributes = {
				BuildIndependentTargetsInParallel = 1;
				LastSwiftUpdateCheck = 1420;
				LastUpgradeCheck = 1420;
				TargetAttributes = {
					ABC052E82996A1AD00D66193 = {
						CreatedOnToolsVersion = 14.2;
					};
				};
			};
			buildConfigurationList = ABC052E42996A1AC00D66193 /* Build configuration list for PBXProject "ChatBot" */;
			compatibilityVersion = "Xcode 14.0";
			developmentRegion = en;
			hasScannedForEncodings = 0;
			knownRegions = (
				en,
				Base,
			);
			mainGroup = ABC052E02996A1AC00D66193;
			packageReferences = (
				AB11688D29970FDA0062D8D5 /* XCRemoteSwiftPackageReference "firebase-ios-sdk" */,
			);
			productRefGroup = ABC052EA2996A1AD00D66193 /* Products */;
			projectDirPath = "";
			projectRoot = "";
			targets = (
				ABC052E82996A1AD00D66193 /* ChatBot */,
			);
		};
/* End PBXProject section */

/* Begin PBXResourcesBuildPhase section */
		ABC052E72996A1AD00D66193 /* Resources */ = {
			isa = PBXResourcesBuildPhase;
			buildActionMask = 2147483647;
			files = (
				ABC052F42996A1AF00D66193 /* Preview Assets.xcassets in Resources */,
				ABC052F12996A1AF00D66193 /* Assets.xcassets in Resources */,
				AB59F9732997B68200A60833 /* GoogleService-Info.plist in Resources */,
			);
			runOnlyForDeploymentPostprocessing = 0;
		};
/* End PBXResourcesBuildPhase section */

/* Begin PBXSourcesBuildPhase section */
		ABC052E52996A1AD00D66193 /* Sources */ = {
			isa = PBXSourcesBuildPhase;
			buildActionMask = 2147483647;
			files = (
				ABC052EF2996A1AD00D66193 /* ContentView.swift in Sources */,
				AB11688A2996EC8F0062D8D5 /* Extensions.swift in Sources */,
				AB1168862996DCAC0062D8D5 /* Message.swift in Sources */,
				AB11688C2996EFF70062D8D5 /* MessageField.swift in Sources */,
				AB1168882996DD100062D8D5 /* MessageBubble.swift in Sources */,
				ABC052ED2996A1AD00D66193 /* ChatBotApp.swift in Sources */,
				AB1168832996B9D10062D8D5 /* TitleRow.swift in Sources */,
				AB59F9712997A88B00A60833 /* MessagesManager.swift in Sources */,
			);
			runOnlyForDeploymentPostprocessing = 0;
		};
/* End PBXSourcesBuildPhase section */

/* Begin XCBuildConfiguration section */
		ABC052F52996A1AF00D66193 /* Debug */ = {
			isa = XCBuildConfiguration;
			buildSettings = {
				ALWAYS_SEARCH_USER_PATHS = NO;
				CLANG_ANALYZER_NONNULL = YES;
				CLANG_ANALYZER_NUMBER_OBJECT_CONVERSION = YES_AGGRESSIVE;
				CLANG_CXX_LANGUAGE_STANDARD = "gnu++20";
				CLANG_ENABLE_MODULES = YES;
				CLANG_ENABLE_OBJC_ARC = YES;
				CLANG_ENABLE_OBJC_WEAK = YES;
				CLANG_WARN_BLOCK_CAPTURE_AUTORELEASING = YES;
				CLANG_WARN_BOOL_CONVERSION = YES;
				CLANG_WARN_COMMA = YES;
				CLANG_WARN_CONSTANT_CONVERSION = YES;
				CLANG_WARN_DEPRECATED_OBJC_IMPLEMENTATIONS = YES;
				CLANG_WARN_DIRECT_OBJC_ISA_USAGE = YES_ERROR;
				CLANG_WARN_DOCUMENTATION_COMMENTS = YES;
				CLANG_WARN_EMPTY_BODY = YES;
				CLANG_WARN_ENUM_CONVERSION = YES;
				CLANG_WARN_INFINITE_RECURSION = YES;
				CLANG_WARN_INT_CONVERSION = YES;
				CLANG_WARN_NON_LITERAL_NULL_CONVERSION = YES;
				CLANG_WARN_OBJC_IMPLICIT_RETAIN_SELF = YES;
				CLANG_WARN_OBJC_LITERAL_CONVERSION = YES;
				CLANG_WARN_OBJC_ROOT_CLASS = YES_ERROR;
				CLANG_WARN_QUOTED_INCLUDE_IN_FRAMEWORK_HEADER = YES;
				CLANG_WARN_RANGE_LOOP_ANALYSIS = YES;
				CLANG_WARN_STRICT_PROTOTYPES = YES;
				CLANG_WARN_SUSPICIOUS_MOVE = YES;
				CLANG_WARN_UNGUARDED_AVAILABILITY = YES_AGGRESSIVE;
				CLANG_WARN_UNREACHABLE_CODE = YES;
				CLANG_WARN__DUPLICATE_METHOD_MATCH = YES;
				COPY_PHASE_STRIP = NO;
				DEBUG_INFORMATION_FORMAT = dwarf;
				ENABLE_STRICT_OBJC_MSGSEND = YES;
				ENABLE_TESTABILITY = YES;
				GCC_C_LANGUAGE_STANDARD = gnu11;
				GCC_DYNAMIC_NO_PIC = NO;
				GCC_NO_COMMON_BLOCKS = YES;
				GCC_OPTIMIZATION_LEVEL = 0;
				GCC_PREPROCESSOR_DEFINITIONS = (
					"DEBUG=1",
					"$(inherited)",
				);
				GCC_WARN_64_TO_32_BIT_CONVERSION = YES;
				GCC_WARN_ABOUT_RETURN_TYPE = YES_ERROR;
				GCC_WARN_UNDECLARED_SELECTOR = YES;
				GCC_WARN_UNINITIALIZED_AUTOS = YES_AGGRESSIVE;
				GCC_WARN_UNUSED_FUNCTION = YES;
				GCC_WARN_UNUSED_VARIABLE = YES;
				IPHONEOS_DEPLOYMENT_TARGET = 16.2;
				MTL_ENABLE_DEBUG_INFO = INCLUDE_SOURCE;
				MTL_FAST_MATH = YES;
				ONLY_ACTIVE_ARCH = YES;
				SDKROOT = iphoneos;
				SWIFT_ACTIVE_COMPILATION_CONDITIONS = DEBUG;
				SWIFT_OPTIMIZATION_LEVEL = "-Onone";
			};
			name = Debug;
		};
		ABC052F62996A1AF00D66193 /* Release */ = {
			isa = XCBuildConfiguration;
			buildSettings = {
				ALWAYS_SEARCH_USER_PATHS = NO;
				CLANG_ANALYZER_NONNULL = YES;
				CLANG_ANALYZER_NUMBER_OBJECT_CONVERSION = YES_AGGRESSIVE;
				CLANG_CXX_LANGUAGE_STANDARD = "gnu++20";
				CLANG_ENABLE_MODULES = YES;
				CLANG_ENABLE_OBJC_ARC = YES;
				CLANG_ENABLE_OBJC_WEAK = YES;
				CLANG_WARN_BLOCK_CAPTURE_AUTORELEASING = YES;
				CLANG_WARN_BOOL_CONVERSION = YES;
				CLANG_WARN_COMMA = YES;
				CLANG_WARN_CONSTANT_CONVERSION = YES;
				CLANG_WARN_DEPRECATED_OBJC_IMPLEMENTATIONS = YES;
				CLANG_WARN_DIRECT_OBJC_ISA_USAGE = YES_ERROR;
				CLANG_WARN_DOCUMENTATION_COMMENTS = YES;
				CLANG_WARN_EMPTY_BODY = YES;
				CLANG_WARN_ENUM_CONVERSION = YES;
				CLANG_WARN_INFINITE_RECURSION = YES;
				CLANG_WARN_INT_CONVERSION = YES;
				CLANG_WARN_NON_LITERAL_NULL_CONVERSION = YES;
				CLANG_WARN_OBJC_IMPLICIT_RETAIN_SELF = YES;
				CLANG_WARN_OBJC_LITERAL_CONVERSION = YES;
				CLANG_WARN_OBJC_ROOT_CLASS = YES_ERROR;
				CLANG_WARN_QUOTED_INCLUDE_IN_FRAMEWORK_HEADER = YES;
				CLANG_WARN_RANGE_LOOP_ANALYSIS = YES;
				CLANG_WARN_STRICT_PROTOTYPES = YES;
				CLANG_WARN_SUSPICIOUS_MOVE = YES;
				CLANG_WARN_UNGUARDED_AVAILABILITY = YES_AGGRESSIVE;
				CLANG_WARN_UNREACHABLE_CODE = YES;
				CLANG_WARN__DUPLICATE_METHOD_MATCH = YES;
				COPY_PHASE_STRIP = NO;
				DEBUG_INFORMATION_FORMAT = "dwarf-with-dsym";
				ENABLE_NS_ASSERTIONS = NO;
				ENABLE_STRICT_OBJC_MSGSEND = YES;
				GCC_C_LANGUAGE_STANDARD = gnu11;
				GCC_NO_COMMON_BLOCKS = YES;
				GCC_WARN_64_TO_32_BIT_CONVERSION = YES;
				GCC_WARN_ABOUT_RETURN_TYPE = YES_ERROR;
				GCC_WARN_UNDECLARED_SELECTOR = YES;
				GCC_WARN_UNINITIALIZED_AUTOS = YES_AGGRESSIVE;
				GCC_WARN_UNUSED_FUNCTION = YES;
				GCC_WARN_UNUSED_VARIABLE = YES;
				IPHONEOS_DEPLOYMENT_TARGET = 16.2;
				MTL_ENABLE_DEBUG_INFO = NO;
				MTL_FAST_MATH = YES;
				SDKROOT = iphoneos;
				SWIFT_COMPILATION_MODE = wholemodule;
				SWIFT_OPTIMIZATION_LEVEL = "-O";
				VALIDATE_PRODUCT = YES;
			};
			name = Release;
		};
		ABC052F82996A1AF00D66193 /* Debug */ = {
			isa = XCBuildConfiguration;
			buildSettings = {
				ASSETCATALOG_COMPILER_APPICON_NAME = AppIcon;
				ASSETCATALOG_COMPILER_GLOBAL_ACCENT_COLOR_NAME = AccentColor;
				CODE_SIGN_STYLE = Automatic;
				CURRENT_PROJECT_VERSION = 1;
				DEVELOPMENT_ASSET_PATHS = "\"ChatBot/Preview Content\"";
				DEVELOPMENT_TEAM = RV5LYJNR79;
				ENABLE_PREVIEWS = YES;
				GENERATE_INFOPLIST_FILE = YES;
				INFOPLIST_KEY_UIApplicationSceneManifest_Generation = YES;
				INFOPLIST_KEY_UIApplicationSupportsIndirectInputEvents = YES;
				INFOPLIST_KEY_UILaunchScreen_Generation = YES;
				INFOPLIST_KEY_UISupportedInterfaceOrientations_iPad = "UIInterfaceOrientationPortrait UIInterfaceOrientationPortraitUpsideDown UIInterfaceOrientationLandscapeLeft UIInterfaceOrientationLandscapeRight";
				INFOPLIST_KEY_UISupportedInterfaceOrientations_iPhone = "UIInterfaceOrientationPortrait UIInterfaceOrientationLandscapeLeft UIInterfaceOrientationLandscapeRight";
				IPHONEOS_DEPLOYMENT_TARGET = 15.0;
				LD_RUNPATH_SEARCH_PATHS = (
					"$(inherited)",
					"@executable_path/Frameworks",
				);
				MARKETING_VERSION = 1.0;
				PRODUCT_BUNDLE_IDENTIFIER = com.AppChatBot.ChatBot;
				PRODUCT_NAME = "$(TARGET_NAME)";
				SWIFT_EMIT_LOC_STRINGS = YES;
				SWIFT_VERSION = 5.0;
				TARGETED_DEVICE_FAMILY = "1,2";
			};
			name = Debug;
		};
		ABC052F92996A1AF00D66193 /* Release */ = {
			isa = XCBuildConfiguration;
			buildSettings = {
				ASSETCATALOG_COMPILER_APPICON_NAME = AppIcon;
				ASSETCATALOG_COMPILER_GLOBAL_ACCENT_COLOR_NAME = AccentColor;
				CODE_SIGN_STYLE = Automatic;
				CURRENT_PROJECT_VERSION = 1;
				DEVELOPMENT_ASSET_PATHS = "\"ChatBot/Preview Content\"";
				DEVELOPMENT_TEAM = RV5LYJNR79;
				ENABLE_PREVIEWS = YES;
				GENERATE_INFOPLIST_FILE = YES;
				INFOPLIST_KEY_UIApplicationSceneManifest_Generation = YES;
				INFOPLIST_KEY_UIApplicationSupportsIndirectInputEvents = YES;
				INFOPLIST_KEY_UILaunchScreen_Generation = YES;
				INFOPLIST_KEY_UISupportedInterfaceOrientations_iPad = "UIInterfaceOrientationPortrait UIInterfaceOrientationPortraitUpsideDown UIInterfaceOrientationLandscapeLeft UIInterfaceOrientationLandscapeRight";
				INFOPLIST_KEY_UISupportedInterfaceOrientations_iPhone = "UIInterfaceOrientationPortrait UIInterfaceOrientationLandscapeLeft UIInterfaceOrientationLandscapeRight";
				IPHONEOS_DEPLOYMENT_TARGET = 15.0;
				LD_RUNPATH_SEARCH_PATHS = (
					"$(inherited)",
					"@executable_path/Frameworks",
				);
				MARKETING_VERSION = 1.0;
				PRODUCT_BUNDLE_IDENTIFIER = com.AppChatBot.ChatBot;
				PRODUCT_NAME = "$(TARGET_NAME)";
				SWIFT_EMIT_LOC_STRINGS = YES;
				SWIFT_VERSION = 5.0;
				TARGETED_DEVICE_FAMILY = "1,2";
			};
			name = Release;
		};
/* End XCBuildConfiguration section */

/* Begin XCConfigurationList section */
		ABC052E42996A1AC00D66193 /* Build configuration list for PBXProject "ChatBot" */ = {
			isa = XCConfigurationList;
			buildConfigurations = (
				ABC052F52996A1AF00D66193 /* Debug */,
				ABC052F62996A1AF00D66193 /* Release */,
			);
			defaultConfigurationIsVisible = 0;
			defaultConfigurationName = Release;
		};
		ABC052F72996A1AF00D66193 /* Build configuration list for PBXNativeTarget "ChatBot" */ = {
			isa = XCConfigurationList;
			buildConfigurations = (
				ABC052F82996A1AF00D66193 /* Debug */,
				ABC052F92996A1AF00D66193 /* Release */,
			);
			defaultConfigurationIsVisible = 0;
			defaultConfigurationName = Release;
		};
/* End XCConfigurationList section */

/* Begin XCRemoteSwiftPackageReference section */
		AB11688D29970FDA0062D8D5 /* XCRemoteSwiftPackageReference "firebase-ios-sdk" */ = {
			isa = XCRemoteSwiftPackageReference;
			repositoryURL = "https://github.com/firebase/firebase-ios-sdk";
			requirement = {
				kind = upToNextMajorVersion;
				minimumVersion = 9.0.0;
			};
		};
/* End XCRemoteSwiftPackageReference section */

/* Begin XCSwiftPackageProductDependency section */
		AB11688E29970FDA0062D8D5 /* FirebaseFirestore */ = {
			isa = XCSwiftPackageProductDependency;
			package = AB11688D29970FDA0062D8D5 /* XCRemoteSwiftPackageReference "firebase-ios-sdk" */;
			productName = FirebaseFirestore;
		};
		AB11689029970FDA0062D8D5 /* FirebaseFirestoreSwift */ = {
			isa = XCSwiftPackageProductDependency;
			package = AB11688D29970FDA0062D8D5 /* XCRemoteSwiftPackageReference "firebase-ios-sdk" */;
			productName = FirebaseFirestoreSwift;
		};
/* End XCSwiftPackageProductDependency section */
	};
	rootObject = ABC052E12996A1AC00D66193 /* Project object */;
}
